
Microsoft Visual Studio Solution File, Format Version 12.00
# Visual Studio Version 17
VisualStudioVersion = 17.7.34031.279
MinimumVisualStudioVersion = 10.0.40219.1
Project("{FAE04EC0-301F-11D3-BF4B-00C04F79EFBC}") = "Luauni", "Luauni.csproj", "{39C61782-B5BE-4923-9E62-A1EF7ACC9DD6}"
EndProject
Global
	GlobalSection(SolutionConfigurationPlatforms) = preSolution
		Debug|Any CPU = Debug|Any CPU
		Release|Any CPU = Release|Any CPU
	EndGlobalSection
	GlobalSection(ProjectConfigurationPlatforms) = postSolution
		{39C61782-B5BE-4923-9E62-A1EF7ACC9DD6}.Debug|Any CPU.ActiveCfg = Debug|Any CPU
		{39C61782-B5BE-4923-9E62-A1EF7ACC9DD6}.Debug|Any CPU.Build.0 = Debug|Any CPU
		{39C61782-B5BE-4923-9E62-A1EF7ACC9DD6}.Release|Any CPU.ActiveCfg = Release|Any CPU
		{39C61782-B5BE-4923-9E62-A1EF7ACC9DD6}.Release|Any CPU.Build.0 = Release|Any CPU
	EndGlobalSection
	GlobalSection(SolutionProperties) = preSolution
		HideSolutionNode = FALSE
	EndGlobalSection
	GlobalSection(ExtensibilityGlobals) = postSolution
		SolutionGuid = {0FAA8A6E-0616-40DC-A5FB-D8CC28278F7B}
	EndGlobalSection
EndGlobal
